{
  "name": "healthcalc-node-console",
  "version": "3.0.0",
  "lockfileVersion": 3,
  "requires": true,
  "packages": {
    "": {
      "name": "healthcalc-node-console",
      "version": "3.0.0",
      "license": "ISC",
      "dependencies": {
        "healthcalc-node-package": "^3.0.1"
      }
    },
    "node_modules/healthcalc-node-package": {
      "version": "3.0.1",
      "resolved": "https://registry.npmjs.org/healthcalc-node-package/-/healthcalc-node-package-3.0.1.tgz",
      "integrity": "sha512-CsRkggsywhMJ4DQAIj7gs+jhjLOQjJS48LhO/Fbfaj/O4ebnX+DHogoiMxw1KaOy3078N48Dqx4fiMV3Rwe4GA=="
    }
  }
}
