{
  "name": "healthcalc-node-console",
  "version": "3.0.0",
  "lockfileVersion": 3,
  "requires": true,
  "packages": {
    "": {
      "name": "healthcalc-node-console",
      "version": "3.0.0",
      "license": "ISC",
      "dependencies": {
        "healthcalc-node-package": "^3.0.0"
      }
    },
    "node_modules/healthcalc-node-package": {
      "version": "3.0.0",
      "resolved": "https://registry.npmjs.org/healthcalc-node-package/-/healthcalc-node-package-3.0.0.tgz",
      "integrity": "sha512-XmRiPeo05tUXWIuIb56LjaTKSf9vdbZAozE0zDh/Tnctn3G9qdkHZReQZAZYGInzh/ifjdv9qINARkYIPmK5lg=="
    }
  }
}
